// !$*UTF8*$!
{
	archiveVersion = 1;
	classes = {
	};
	objectVersion = 50;
	objects = {

/* Begin PBXBuildFile section */
		AE4A324D2483DD8E003A355F /* AppDelegate.swift in Sources */ = {isa = PBXBuildFile; fileRef = AE4A324C2483DD8E003A355F /* AppDelegate.swift */; };
		AE4A324F2483DD8E003A355F /* SceneDelegate.swift in Sources */ = {isa = PBXBuildFile; fileRef = AE4A324E2483DD8E003A355F /* SceneDelegate.swift */; };
		AE4A32512483DD8E003A355F /* ViewController.swift in Sources */ = {isa = PBXBuildFile; fileRef = AE4A32502483DD8E003A355F /* ViewController.swift */; };
		AE4A32542483DD8E003A355F /* Main.storyboard in Resources */ = {isa = PBXBuildFile; fileRef = AE4A32522483DD8E003A355F /* Main.storyboard */; };
		AE4A32562483DD8F003A355F /* Assets.xcassets in Resources */ = {isa = PBXBuildFile; fileRef = AE4A32552483DD8F003A355F /* Assets.xcassets */; };
		AE4A32592483DD8F003A355F /* LaunchScreen.storyboard in Resources */ = {isa = PBXBuildFile; fileRef = AE4A32572483DD8F003A355F /* LaunchScreen.storyboard */; };
/* End PBXBuildFile section */

/* Begin PBXFileReference section */
		AE4A32492483DD8E003A355F /* MyNotes.app */ = {isa = PBXFileReference; explicitFileType = wrapper.application; includeInIndex = 0; path = MyNotes.app; sourceTree = BUILT_PRODUCTS_DIR; };
		AE4A324C2483DD8E003A355F /* AppDelegate.swift */ = {isa = PBXFileReference; lastKnownFileType = sourcecode.swift; path = AppDelegate.swift; sourceTree = "<group>"; };
		AE4A324E2483DD8E003A355F /* SceneDelegate.swift */ = {isa = PBXFileReference; lastKnownFileType = sourcecode.swift; path = SceneDelegate.swift; sourceTree = "<group>"; };
		AE4A32502483DD8E003A355F /* ViewController.swift */ = {isa = PBXFileReference; lastKnownFileType = sourcecode.swift; path = ViewController.swift; sourceTree = "<group>"; };
		AE4A32532483DD8E003A355F /* Base */ = {isa = PBXFileReference; lastKnownFileType = file.storyboard; name = Base; path = Base.lproj/Main.storyboard; sourceTree = "<group>"; };
		AE4A32552483DD8F003A355F /* Assets.xcassets */ = {isa = PBXFileReference; lastKnownFileType = folder.assetcatalog; path = Assets.xcassets; sourceTree = "<group>"; };
		AE4A32582483DD8F003A355F /* Base */ = {isa = PBXFileReference; lastKnownFileType = file.storyboard; name = Base; path = Base.lproj/LaunchScreen.storyboard; sourceTree = "<group>"; };
		AE4A325A2483DD8F003A355F /* Info.plist */ = {isa = PBXFileReference; lastKnownFileType = text.plist.xml; path = Info.plist; sourceTree = "<group>"; };
/* End PBXFileReference section */

/* Begin PBXFrameworksBuildPhase section */
		AE4A32462483DD8E003A355F /* Frameworks */ = {
			isa = PBXFrameworksBuildPhase;
			buildActionMask = 2147483647;
			files = (
			);
			runOnlyForDeploymentPostprocessing = 0;
		};
/* End PBXFrameworksBuildPhase section */

/* Begin PBXGroup section */
		AE4A32402483DD8E003A355F = {
			isa = PBXGroup;
			children = (
				AE4A324B2483DD8E003A355F /* MyNotes */,
				AE4A324A2483DD8E003A355F /* Products */,
			);
			sourceTree = "<group>";
		};
		AE4A324A2483DD8E003A355F /* Products */ = {
			isa = PBXGroup;
			children = (
				AE4A32492483DD8E003A355F /* MyNotes.app */,
			);
			name = Products;
			sourceTree = "<group>";
		};
		AE4A324B2483DD8E003A355F /* MyNotes */ = {
			isa = PBXGroup;
			children = (
				AE4A324C2483DD8E003A355F /* AppDelegate.swift */,
				AE4A324E2483DD8E003A355F /* SceneDelegate.swift */,
				AE4A32502483DD8E003A355F /* ViewController.swift */,
				AE4A32522483DD8E003A355F /* Main.storyboard */,
				AE4A32552483DD8F003A355F /* Assets.xcassets */,
				AE4A32572483DD8F003A355F /* LaunchScreen.storyboard */,
				AE4A325A2483DD8F003A355F /* Info.plist */,
			);
			path = MyNotes;
			sourceTree = "<group>";
		};
/* End PBXGroup section */

/* Begin PBXNativeTarget section */
		AE4A32482483DD8E003A355F /* MyNotes */ = {
			isa = PBXNativeTarget;
			buildConfigurationList = AE4A325D2483DD8F003A355F /* Build configuration list for PBXNativeTarget "MyNotes" */;
			buildPhases = (
				AE4A32452483DD8E003A355F /* Sources */,
				AE4A32462483DD8E003A355F /* Frameworks */,
				AE4A32472483DD8E003A355F /* Resources */,
			);
			buildRules = (
			);
			dependencies = (
			);
			name = MyNotes;
			productName = MyNotes;
			productReference = AE4A32492483DD8E003A355F /* MyNotes.app */;
			productType = "com.apple.product-type.application";
		};
/* End PBXNativeTarget section */

/* Begin PBXProject section */
		AE4A32412483DD8E003A355F /* Project object */ = {
			isa = PBXProject;
			attributes = {
				LastSwiftUpdateCheck = 1130;
				LastUpgradeCheck = 1130;
				ORGANIZATIONNAME = rau4o;
				TargetAttributes = {
					AE4A32482483DD8E003A355F = {
						CreatedOnToolsVersion = 11.3.1;
					};
				};
			};
			buildConfigurationList = AE4A32442483DD8E003A355F /* Build configuration list for PBXProject "MyNotes" */;
			compatibilityVersion = "Xcode 9.3";
			developmentRegion = en;
			hasScannedForEncodings = 0;
			knownRegions = (
				en,
				Base,
			);
			mainGroup = AE4A32402483DD8E003A355F;
			productRefGroup = AE4A324A2483DD8E003A355F /* Products */;
			projectDirPath = "";
			projectRoot = "";
			targets = (
				AE4A32482483DD8E003A355F /* MyNotes */,
			);
		};
/* End PBXProject section */

/* Begin PBXResourcesBuildPhase section */
		AE4A32472483DD8E003A355F /* Resources */ = {
			isa = PBXResourcesBuildPhase;
			buildActionMask = 2147483647;
			files = (
				AE4A32592483DD8F003A355F /* LaunchScreen.storyboard in Resources */,
				AE4A32562483DD8F003A355F /* Assets.xcassets in Resources */,
				AE4A32542483DD8E003A355F /* Main.storyboard in Resources */,
			);
			runOnlyForDeploymentPostprocessing = 0;
		};
/* End PBXResourcesBuildPhase section */

/* Begin PBXSourcesBuildPhase section */
		AE4A32452483DD8E003A355F /* Sources */ = {
			isa = PBXSourcesBuildPhase;
			buildActionMask = 2147483647;
			files = (
				AE4A32512483DD8E003A355F /* ViewController.swift in Sources */,
				AE4A324D2483DD8E003A355F /* AppDelegate.swift in Sources */,
				AE4A324F2483DD8E003A355F /* SceneDelegate.swift in Sources */,
			);
			runOnlyForDeploymentPostprocessing = 0;
		};
/* End PBXSourcesBuildPhase section */

/* Begin PBXVariantGroup section */
		AE4A32522483DD8E003A355F /* Main.storyboard */ = {
			isa = PBXVariantGroup;
			children = (
				AE4A32532483DD8E003A355F /* Base */,
			);
			name = Main.storyboard;
			sourceTree = "<group>";
		};
		AE4A32572483DD8F003A355F /* LaunchScreen.storyboard */ = {
			isa = PBXVariantGroup;
			children = (
				AE4A32582483DD8F003A355F /* Base */,
			);
			name = LaunchScreen.storyboard;
			sourceTree = "<group>";
		};
/* End PBXVariantGroup section */

/* Begin XCBuildConfiguration section */
		AE4A325B2483DD8F003A355F /* Debug */ = {
			isa = XCBuildConfiguration;
			buildSettings = {
				ALWAYS_SEARCH_USER_PATHS = NO;
				CLANG_ANALYZER_NONNULL = YES;
				CLANG_ANALYZER_NUMBER_OBJECT_CONVERSION = YES_AGGRESSIVE;
				CLANG_CXX_LANGUAGE_STANDARD = "gnu++14";
				CLANG_CXX_LIBRARY = "libc++";
				CLANG_ENABLE_MODULES = YES;
				CLANG_ENABLE_OBJC_ARC = YES;
				CLANG_ENABLE_OBJC_WEAK = YES;
				CLANG_WARN_BLOCK_CAPTURE_AUTORELEASING = YES;
				CLANG_WARN_BOOL_CONVERSION = YES;
				CLANG_WARN_COMMA = YES;
				CLANG_WARN_CONSTANT_CONVERSION = YES;
				CLANG_WARN_DEPRECATED_OBJC_IMPLEMENTATIONS = YES;
				CLANG_WARN_DIRECT_OBJC_ISA_USAGE = YES_ERROR;
				CLANG_WARN_DOCUMENTATION_COMMENTS = YES;
				CLANG_WARN_EMPTY_BODY = YES;
				CLANG_WARN_ENUM_CONVERSION = YES;
				CLANG_WARN_INFINITE_RECURSION = YES;
				CLANG_WARN_INT_CONVERSION = YES;
				CLANG_WARN_NON_LITERAL_NULL_CONVERSION = YES;
				CLANG_WARN_OBJC_IMPLICIT_RETAIN_SELF = YES;
				CLANG_WARN_OBJC_LITERAL_CONVERSION = YES;
				CLANG_WARN_OBJC_ROOT_CLASS = YES_ERROR;
				CLANG_WARN_RANGE_LOOP_ANALYSIS = YES;
				CLANG_WARN_STRICT_PROTOTYPES = YES;
				CLANG_WARN_SUSPICIOUS_MOVE = YES;
				CLANG_WARN_UNGUARDED_AVAILABILITY = YES_AGGRESSIVE;
				CLANG_WARN_UNREACHABLE_CODE = YES;
				CLANG_WARN__DUPLICATE_METHOD_MATCH = YES;
				COPY_PHASE_STRIP = NO;
				DEBUG_INFORMATION_FORMAT = dwarf;
				ENABLE_STRICT_OBJC_MSGSEND = YES;
				ENABLE_TESTABILITY = YES;
				GCC_C_LANGUAGE_STANDARD = gnu11;
				GCC_DYNAMIC_NO_PIC = NO;
				GCC_NO_COMMON_BLOCKS = YES;
				GCC_OPTIMIZATION_LEVEL = 0;
				GCC_PREPROCESSOR_DEFINITIONS = (
					"DEBUG=1",
					"$(inherited)",
				);
				GCC_WARN_64_TO_32_BIT_CONVERSION = YES;
				GCC_WARN_ABOUT_RETURN_TYPE = YES_ERROR;
				GCC_WARN_UNDECLARED_SELECTOR = YES;
				GCC_WARN_UNINITIALIZED_AUTOS = YES_AGGRESSIVE;
				GCC_WARN_UNUSED_FUNCTION = YES;
				GCC_WARN_UNUSED_VARIABLE = YES;
				IPHONEOS_DEPLOYMENT_TARGET = 13.2;
				MTL_ENABLE_DEBUG_INFO = INCLUDE_SOURCE;
				MTL_FAST_MATH = YES;
				ONLY_ACTIVE_ARCH = YES;
				SDKROOT = iphoneos;
				SWIFT_ACTIVE_COMPILATION_CONDITIONS = DEBUG;
				SWIFT_OPTIMIZATION_LEVEL = "-Onone";
			};
			name = Debug;
		};
		AE4A325C2483DD8F003A355F /* Release */ = {
			isa = XCBuildConfiguration;
			buildSettings = {
				ALWAYS_SEARCH_USER_PATHS = NO;
				CLANG_ANALYZER_NONNULL = YES;
				CLANG_ANALYZER_NUMBER_OBJECT_CONVERSION = YES_AGGRESSIVE;
				CLANG_CXX_LANGUAGE_STANDARD = "gnu++14";
				CLANG_CXX_LIBRARY = "libc++";
				CLANG_ENABLE_MODULES = YES;
				CLANG_ENABLE_OBJC_ARC = YES;
				CLANG_ENABLE_OBJC_WEAK = YES;
				CLANG_WARN_BLOCK_CAPTURE_AUTORELEASING = YES;
				CLANG_WARN_BOOL_CONVERSION = YES;
				CLANG_WARN_COMMA = YES;
				CLANG_WARN_CONSTANT_CONVERSION = YES;
				CLANG_WARN_DEPRECATED_OBJC_IMPLEMENTATIONS = YES;
				CLANG_WARN_DIRECT_OBJC_ISA_USAGE = YES_ERROR;
				CLANG_WARN_DOCUMENTATION_COMMENTS = YES;
				CLANG_WARN_EMPTY_BODY = YES;
				CLANG_WARN_ENUM_CONVERSION = YES;
				CLANG_WARN_INFINITE_RECURSION = YES;
				CLANG_WARN_INT_CONVERSION = YES;
				CLANG_WARN_NON_LITERAL_NULL_CONVERSION = YES;
				CLANG_WARN_OBJC_IMPLICIT_RETAIN_SELF = YES;
				CLANG_WARN_OBJC_LITERAL_CONVERSION = YES;
				CLANG_WARN_OBJC_ROOT_CLASS = YES_ERROR;
				CLANG_WARN_RANGE_LOOP_ANALYSIS = YES;
				CLANG_WARN_STRICT_PROTOTYPES = YES;
				CLANG_WARN_SUSPICIOUS_MOVE = YES;
				CLANG_WARN_UNGUARDED_AVAILABILITY = YES_AGGRESSIVE;
				CLANG_WARN_UNREACHABLE_CODE = YES;
				CLANG_WARN__DUPLICATE_METHOD_MATCH = YES;
				COPY_PHASE_STRIP = NO;
				DEBUG_INFORMATION_FORMAT = "dwarf-with-dsym";
				ENABLE_NS_ASSERTIONS = NO;
				ENABLE_STRICT_OBJC_MSGSEND = YES;
				GCC_C_LANGUAGE_STANDARD = gnu11;
				GCC_NO_COMMON_BLOCKS = YES;
				GCC_WARN_64_TO_32_BIT_CONVERSION = YES;
				GCC_WARN_ABOUT_RETURN_TYPE = YES_ERROR;
				GCC_WARN_UNDECLARED_SELECTOR = YES;
				GCC_WARN_UNINITIALIZED_AUTOS = YES_AGGRESSIVE;
				GCC_WARN_UNUSED_FUNCTION = YES;
				GCC_WARN_UNUSED_VARIABLE = YES;
				IPHONEOS_DEPLOYMENT_TARGET = 13.2;
				MTL_ENABLE_DEBUG_INFO = NO;
				MTL_FAST_MATH = YES;
				SDKROOT = iphoneos;
				SWIFT_COMPILATION_MODE = wholemodule;
				SWIFT_OPTIMIZATION_LEVEL = "-O";
				VALIDATE_PRODUCT = YES;
			};
			name = Release;
		};
		AE4A325E2483DD8F003A355F /* Debug */ = {
			isa = XCBuildConfiguration;
			buildSettings = {
				ASSETCATALOG_COMPILER_APPICON_NAME = AppIcon;
				CODE_SIGN_STYLE = Automatic;
				DEVELOPMENT_TEAM = FATE3AU2ZJ;
				INFOPLIST_FILE = MyNotes/Info.plist;
				LD_RUNPATH_SEARCH_PATHS = (
					"$(inherited)",
					"@executable_path/Frameworks",
				);
				PRODUCT_BUNDLE_IDENTIFIER = APS.MyNotes;
				PRODUCT_NAME = "$(TARGET_NAME)";
				SWIFT_VERSION = 5.0;
				TARGETED_DEVICE_FAMILY = "1,2";
			};
			name = Debug;
		};
		AE4A325F2483DD8F003A355F /* Release */ = {
			isa = XCBuildConfiguration;
			buildSettings = {
				ASSETCATALOG_COMPILER_APPICON_NAME = AppIcon;
				CODE_SIGN_STYLE = Automatic;
				DEVELOPMENT_TEAM = FATE3AU2ZJ;
				INFOPLIST_FILE = MyNotes/Info.plist;
				LD_RUNPATH_SEARCH_PATHS = (
					"$(inherited)",
					"@executable_path/Frameworks",
				);
				PRODUCT_BUNDLE_IDENTIFIER = APS.MyNotes;
				PRODUCT_NAME = "$(TARGET_NAME)";
				SWIFT_VERSION = 5.0;
				TARGETED_DEVICE_FAMILY = "1,2";
			};
			name = Release;
		};
/* End XCBuildConfiguration section */

/* Begin XCConfigurationList section */
		AE4A32442483DD8E003A355F /* Build configuration list for PBXProject "MyNotes" */ = {
			isa = XCConfigurationList;
			buildConfigurations = (
				AE4A325B2483DD8F003A355F /* Debug */,
				AE4A325C2483DD8F003A355F /* Release */,
			);
			defaultConfigurationIsVisible = 0;
			defaultConfigurationName = Release;
		};
		AE4A325D2483DD8F003A355F /* Build configuration list for PBXNativeTarget "MyNotes" */ = {
			isa = XCConfigurationList;
			buildConfigurations = (
				AE4A325E2483DD8F003A355F /* Debug */,
				AE4A325F2483DD8F003A355F /* Release */,
			);
			defaultConfigurationIsVisible = 0;
			defaultConfigurationName = Release;
		};
/* End XCConfigurationList section */
	};
	rootObject = AE4A32412483DD8E003A355F /* Project object */;
}
