// !$*UTF8*$!
{
	archiveVersion = 1;
	classes = {
	};
	objectVersion = 51;
	objects = {

/* Begin PBXBuildFile section */
		3B95B30DBF40912142246E18 /* Pods_MyNotes.framework in Frameworks */ = {isa = PBXBuildFile; fileRef = EEDBB6B8D9B82176FE7729E5 /* Pods_MyNotes.framework */; };
		AE0118A3249926340080A333 /* MainRegistrationController.swift in Sources */ = {isa = PBXBuildFile; fileRef = AE0118A2249926340080A333 /* MainRegistrationController.swift */; };
		AE0118A6249935F80080A333 /* TableNotesController.swift in Sources */ = {isa = PBXBuildFile; fileRef = AE0118A5249935F80080A333 /* TableNotesController.swift */; };
		AE0814E1249BDC0C00E3DF57 /* CustomTabBar.swift in Sources */ = {isa = PBXBuildFile; fileRef = AE0814E0249BDC0C00E3DF57 /* CustomTabBar.swift */; };
		AE0814E3249BDC6400E3DF57 /* CustomTabbarController.swift in Sources */ = {isa = PBXBuildFile; fileRef = AE0814E2249BDC6400E3DF57 /* CustomTabbarController.swift */; };
		AE0814E5249BDC9700E3DF57 /* CustomTabbarItem.swift in Sources */ = {isa = PBXBuildFile; fileRef = AE0814E4249BDC9700E3DF57 /* CustomTabbarItem.swift */; };
		AE0814E7249BDCB500E3DF57 /* CustomTabbarSetting.swift in Sources */ = {isa = PBXBuildFile; fileRef = AE0814E6249BDCB500E3DF57 /* CustomTabbarSetting.swift */; };
		AE4A324D2483DD8E003A355F /* AppDelegate.swift in Sources */ = {isa = PBXBuildFile; fileRef = AE4A324C2483DD8E003A355F /* AppDelegate.swift */; };
		AE4A324F2483DD8E003A355F /* SceneDelegate.swift in Sources */ = {isa = PBXBuildFile; fileRef = AE4A324E2483DD8E003A355F /* SceneDelegate.swift */; };
		AE4A32542483DD8E003A355F /* Main.storyboard in Resources */ = {isa = PBXBuildFile; fileRef = AE4A32522483DD8E003A355F /* Main.storyboard */; };
		AE4A32562483DD8F003A355F /* Assets.xcassets in Resources */ = {isa = PBXBuildFile; fileRef = AE4A32552483DD8F003A355F /* Assets.xcassets */; };
		AE4A32592483DD8F003A355F /* LaunchScreen.storyboard in Resources */ = {isa = PBXBuildFile; fileRef = AE4A32572483DD8F003A355F /* LaunchScreen.storyboard */; };
		AE4B2CF1249E5B6000DFE04F /* AddEntryViewModel.swift in Sources */ = {isa = PBXBuildFile; fileRef = AE4B2CF0249E5B6000DFE04F /* AddEntryViewModel.swift */; };
		AE4B2CF3249E8AD800DFE04F /* CustomDatePicker+Extension.swift in Sources */ = {isa = PBXBuildFile; fileRef = AE4B2CF2249E8AD800DFE04F /* CustomDatePicker+Extension.swift */; };
		AE4B2CF5249FA63D00DFE04F /* TableNotesViewModel.swift in Sources */ = {isa = PBXBuildFile; fileRef = AE4B2CF4249FA63D00DFE04F /* TableNotesViewModel.swift */; };
		AE4B2CF824A21D5E00DFE04F /* TableNotesDelegate.swift in Sources */ = {isa = PBXBuildFile; fileRef = AE4B2CF724A21D5E00DFE04F /* TableNotesDelegate.swift */; };
		AE4B2CFA24A224CE00DFE04F /* CollectionNotesViewModel.swift in Sources */ = {isa = PBXBuildFile; fileRef = AE4B2CF924A224CE00DFE04F /* CollectionNotesViewModel.swift */; };
		AE5A99AE2497AD6C0050D331 /* LoginController.swift in Sources */ = {isa = PBXBuildFile; fileRef = AE5A99AD2497AD6C0050D331 /* LoginController.swift */; };
		AE5A99B02497ADB00050D331 /* LoginView.swift in Sources */ = {isa = PBXBuildFile; fileRef = AE5A99AF2497ADB00050D331 /* LoginView.swift */; };
		AE5A99B22497ADF00050D331 /* BaseView.swift in Sources */ = {isa = PBXBuildFile; fileRef = AE5A99B12497ADF00050D331 /* BaseView.swift */; };
		AE5A99B42497AEA80050D331 /* UIContainer + Extension.swift in Sources */ = {isa = PBXBuildFile; fileRef = AE5A99B32497AEA80050D331 /* UIContainer + Extension.swift */; };
		AE5A99B62497B07B0050D331 /* UITextField + Extension .swift in Sources */ = {isa = PBXBuildFile; fileRef = AE5A99B52497B07B0050D331 /* UITextField + Extension .swift */; };
		AE5A99B92497B4A70050D331 /* Constants.swift in Sources */ = {isa = PBXBuildFile; fileRef = AE5A99B82497B4A70050D331 /* Constants.swift */; };
		AE5A99BB2497B4DB0050D331 /* UIColor+Extension.swift in Sources */ = {isa = PBXBuildFile; fileRef = AE5A99BA2497B4DB0050D331 /* UIColor+Extension.swift */; };
		AE5A99C52497B7C30050D331 /* SFProRounded-Regular.otf in Resources */ = {isa = PBXBuildFile; fileRef = AE5A99BE2497B7C20050D331 /* SFProRounded-Regular.otf */; };
		AE5A99C62497B7C30050D331 /* SFProRounded-Semibold.otf in Resources */ = {isa = PBXBuildFile; fileRef = AE5A99BF2497B7C20050D331 /* SFProRounded-Semibold.otf */; };
		AE5A99C72497B7C30050D331 /* SFProText-Regular.otf in Resources */ = {isa = PBXBuildFile; fileRef = AE5A99C02497B7C20050D331 /* SFProText-Regular.otf */; };
		AE5A99C82497B7C30050D331 /* SFProRounded-Bold.otf in Resources */ = {isa = PBXBuildFile; fileRef = AE5A99C12497B7C20050D331 /* SFProRounded-Bold.otf */; };
		AE5A99C92497B7C30050D331 /* SFProDisplay-Medium.otf in Resources */ = {isa = PBXBuildFile; fileRef = AE5A99C22497B7C20050D331 /* SFProDisplay-Medium.otf */; };
		AE5A99CA2497B7C30050D331 /* SFProDisplay-Bold.otf in Resources */ = {isa = PBXBuildFile; fileRef = AE5A99C32497B7C30050D331 /* SFProDisplay-Bold.otf */; };
		AE5A99CB2497B7C30050D331 /* SFProText-Semibold.otf in Resources */ = {isa = PBXBuildFile; fileRef = AE5A99C42497B7C30050D331 /* SFProText-Semibold.otf */; };
		AE5A99CD2497C11A0050D331 /* Device+Constants.swift in Sources */ = {isa = PBXBuildFile; fileRef = AE5A99CC2497C11A0050D331 /* Device+Constants.swift */; };
		AE7C074424C0F0F000B3CE9A /* Indent.swift in Sources */ = {isa = PBXBuildFile; fileRef = AE7C074324C0F0F000B3CE9A /* Indent.swift */; };
		AE7E689C24A798AE0076E280 /* LocationCell.swift in Sources */ = {isa = PBXBuildFile; fileRef = AE7E689B24A798AE0076E280 /* LocationCell.swift */; };
		AE7E689E24A7994B0076E280 /* MKPlacemark + Extension.swift in Sources */ = {isa = PBXBuildFile; fileRef = AE7E689D24A7994B0076E280 /* MKPlacemark + Extension.swift */; };
		AE7E68A124A87F0B0076E280 /* DetailEntryController.swift in Sources */ = {isa = PBXBuildFile; fileRef = AE7E68A024A87F0B0076E280 /* DetailEntryController.swift */; };
		AE7E68A424A880980076E280 /* HeaderDetailView.swift in Sources */ = {isa = PBXBuildFile; fileRef = AE7E68A324A880980076E280 /* HeaderDetailView.swift */; };
		AE7E68A624A88DE80076E280 /* DescriptionTableViewCell.swift in Sources */ = {isa = PBXBuildFile; fileRef = AE7E68A524A88DE80076E280 /* DescriptionTableViewCell.swift */; };
		AE7E68A924A891BD0076E280 /* MapLocationCell.swift in Sources */ = {isa = PBXBuildFile; fileRef = AE7E68A824A891BD0076E280 /* MapLocationCell.swift */; };
		AE7E68AB24A8A5350076E280 /* StaticLabelViewCell.swift in Sources */ = {isa = PBXBuildFile; fileRef = AE7E68AA24A8A5350076E280 /* StaticLabelViewCell.swift */; };
		AE7E68AD24A8C0A10076E280 /* AddressTableViewCell.swift in Sources */ = {isa = PBXBuildFile; fileRef = AE7E68AC24A8C0A10076E280 /* AddressTableViewCell.swift */; };
		AE9303A8249CCC66001E4803 /* AddEntryView.swift in Sources */ = {isa = PBXBuildFile; fileRef = AE9303A7249CCC66001E4803 /* AddEntryView.swift */; };
		AE9303AC249CD06A001E4803 /* CalendarController.swift in Sources */ = {isa = PBXBuildFile; fileRef = AE9303AB249CD06A001E4803 /* CalendarController.swift */; };
		AECA405424C340AB00AF6968 /* image1.png in Resources */ = {isa = PBXBuildFile; fileRef = AECA405324C340AB00AF6968 /* image1.png */; };
		AECA405624C340B800AF6968 /* image2.png in Resources */ = {isa = PBXBuildFile; fileRef = AECA405524C340B800AF6968 /* image2.png */; };
		AECA405824C340C000AF6968 /* image3.png in Resources */ = {isa = PBXBuildFile; fileRef = AECA405724C340C000AF6968 /* image3.png */; };
		AECA405A24C340CE00AF6968 /* image4.png in Resources */ = {isa = PBXBuildFile; fileRef = AECA405924C340CE00AF6968 /* image4.png */; };
		AECA405C24C340D700AF6968 /* image5.png in Resources */ = {isa = PBXBuildFile; fileRef = AECA405B24C340D700AF6968 /* image5.png */; };
		AEE312E8249A711400804DAB /* MainTabbarController.swift in Sources */ = {isa = PBXBuildFile; fileRef = AEE312E7249A711400804DAB /* MainTabbarController.swift */; };
		AEE312EB249A72C800804DAB /* CollectionNotesController.swift in Sources */ = {isa = PBXBuildFile; fileRef = AEE312EA249A72C800804DAB /* CollectionNotesController.swift */; };
		AEE312ED249A73D600804DAB /* TableNotesViewCell.swift in Sources */ = {isa = PBXBuildFile; fileRef = AEE312EC249A73D600804DAB /* TableNotesViewCell.swift */; };
		AEE312EF249A7E8800804DAB /* UILabel + Extension.swift in Sources */ = {isa = PBXBuildFile; fileRef = AEE312EE249A7E8800804DAB /* UILabel + Extension.swift */; };
		AEE312F1249A7F3900804DAB /* UIFonts + Extension.swift in Sources */ = {isa = PBXBuildFile; fileRef = AEE312F0249A7F3900804DAB /* UIFonts + Extension.swift */; };
		AEE312F4249A818500804DAB /* HeaderView.swift in Sources */ = {isa = PBXBuildFile; fileRef = AEE312F3249A818500804DAB /* HeaderView.swift */; };
		AEE312F6249A893900804DAB /* EntryModel.swift in Sources */ = {isa = PBXBuildFile; fileRef = AEE312F5249A893900804DAB /* EntryModel.swift */; };
		AEE312F8249A8B2800804DAB /* RealmService.swift in Sources */ = {isa = PBXBuildFile; fileRef = AEE312F7249A8B2800804DAB /* RealmService.swift */; };
		AEE312FB249A8C8800804DAB /* CollectionNotesViewCell.swift in Sources */ = {isa = PBXBuildFile; fileRef = AEE312FA249A8C8800804DAB /* CollectionNotesViewCell.swift */; };
		AEE31300249A923000804DAB /* AddEntryController.swift in Sources */ = {isa = PBXBuildFile; fileRef = AEE312FF249A923000804DAB /* AddEntryController.swift */; };
		AEEED9B62497D741002BC43F /* RegistrationController.swift in Sources */ = {isa = PBXBuildFile; fileRef = AEEED9B52497D741002BC43F /* RegistrationController.swift */; };
		AEEED9B82497D806002BC43F /* RegistrationView.swift in Sources */ = {isa = PBXBuildFile; fileRef = AEEED9B72497D806002BC43F /* RegistrationView.swift */; };
/* End PBXBuildFile section */

/* Begin PBXFileReference section */
		A1632A37C808BC4048EBAD82 /* Pods-MyNotes.release.xcconfig */ = {isa = PBXFileReference; includeInIndex = 1; lastKnownFileType = text.xcconfig; name = "Pods-MyNotes.release.xcconfig"; path = "Target Support Files/Pods-MyNotes/Pods-MyNotes.release.xcconfig"; sourceTree = "<group>"; };
		AE0118A2249926340080A333 /* MainRegistrationController.swift */ = {isa = PBXFileReference; lastKnownFileType = sourcecode.swift; path = MainRegistrationController.swift; sourceTree = "<group>"; };
		AE0118A5249935F80080A333 /* TableNotesController.swift */ = {isa = PBXFileReference; lastKnownFileType = sourcecode.swift; path = TableNotesController.swift; sourceTree = "<group>"; };
		AE0814E0249BDC0C00E3DF57 /* CustomTabBar.swift */ = {isa = PBXFileReference; lastKnownFileType = sourcecode.swift; path = CustomTabBar.swift; sourceTree = "<group>"; };
		AE0814E2249BDC6400E3DF57 /* CustomTabbarController.swift */ = {isa = PBXFileReference; lastKnownFileType = sourcecode.swift; path = CustomTabbarController.swift; sourceTree = "<group>"; };
		AE0814E4249BDC9700E3DF57 /* CustomTabbarItem.swift */ = {isa = PBXFileReference; lastKnownFileType = sourcecode.swift; path = CustomTabbarItem.swift; sourceTree = "<group>"; };
		AE0814E6249BDCB500E3DF57 /* CustomTabbarSetting.swift */ = {isa = PBXFileReference; lastKnownFileType = sourcecode.swift; path = CustomTabbarSetting.swift; sourceTree = "<group>"; };
		AE4A32492483DD8E003A355F /* MyNotes.app */ = {isa = PBXFileReference; explicitFileType = wrapper.application; includeInIndex = 0; path = MyNotes.app; sourceTree = BUILT_PRODUCTS_DIR; };
		AE4A324C2483DD8E003A355F /* AppDelegate.swift */ = {isa = PBXFileReference; lastKnownFileType = sourcecode.swift; path = AppDelegate.swift; sourceTree = "<group>"; };
		AE4A324E2483DD8E003A355F /* SceneDelegate.swift */ = {isa = PBXFileReference; lastKnownFileType = sourcecode.swift; path = SceneDelegate.swift; sourceTree = "<group>"; };
		AE4A32532483DD8E003A355F /* Base */ = {isa = PBXFileReference; lastKnownFileType = file.storyboard; name = Base; path = Base.lproj/Main.storyboard; sourceTree = "<group>"; };
		AE4A32552483DD8F003A355F /* Assets.xcassets */ = {isa = PBXFileReference; lastKnownFileType = folder.assetcatalog; path = Assets.xcassets; sourceTree = "<group>"; };
		AE4A32582483DD8F003A355F /* Base */ = {isa = PBXFileReference; lastKnownFileType = file.storyboard; name = Base; path = Base.lproj/LaunchScreen.storyboard; sourceTree = "<group>"; };
		AE4A325A2483DD8F003A355F /* Info.plist */ = {isa = PBXFileReference; lastKnownFileType = text.plist.xml; path = Info.plist; sourceTree = "<group>"; };
		AE4B2CF0249E5B6000DFE04F /* AddEntryViewModel.swift */ = {isa = PBXFileReference; lastKnownFileType = sourcecode.swift; path = AddEntryViewModel.swift; sourceTree = "<group>"; };
		AE4B2CF2249E8AD800DFE04F /* CustomDatePicker+Extension.swift */ = {isa = PBXFileReference; lastKnownFileType = sourcecode.swift; path = "CustomDatePicker+Extension.swift"; sourceTree = "<group>"; };
		AE4B2CF4249FA63D00DFE04F /* TableNotesViewModel.swift */ = {isa = PBXFileReference; lastKnownFileType = sourcecode.swift; path = TableNotesViewModel.swift; sourceTree = "<group>"; };
		AE4B2CF724A21D5E00DFE04F /* TableNotesDelegate.swift */ = {isa = PBXFileReference; lastKnownFileType = sourcecode.swift; path = TableNotesDelegate.swift; sourceTree = "<group>"; };
		AE4B2CF924A224CE00DFE04F /* CollectionNotesViewModel.swift */ = {isa = PBXFileReference; lastKnownFileType = sourcecode.swift; path = CollectionNotesViewModel.swift; sourceTree = "<group>"; };
		AE5A99AD2497AD6C0050D331 /* LoginController.swift */ = {isa = PBXFileReference; lastKnownFileType = sourcecode.swift; path = LoginController.swift; sourceTree = "<group>"; };
		AE5A99AF2497ADB00050D331 /* LoginView.swift */ = {isa = PBXFileReference; lastKnownFileType = sourcecode.swift; path = LoginView.swift; sourceTree = "<group>"; };
		AE5A99B12497ADF00050D331 /* BaseView.swift */ = {isa = PBXFileReference; lastKnownFileType = sourcecode.swift; path = BaseView.swift; sourceTree = "<group>"; };
		AE5A99B32497AEA80050D331 /* UIContainer + Extension.swift */ = {isa = PBXFileReference; lastKnownFileType = sourcecode.swift; path = "UIContainer + Extension.swift"; sourceTree = "<group>"; };
		AE5A99B52497B07B0050D331 /* UITextField + Extension .swift */ = {isa = PBXFileReference; lastKnownFileType = sourcecode.swift; path = "UITextField + Extension .swift"; sourceTree = "<group>"; };
		AE5A99B82497B4A70050D331 /* Constants.swift */ = {isa = PBXFileReference; lastKnownFileType = sourcecode.swift; path = Constants.swift; sourceTree = "<group>"; };
		AE5A99BA2497B4DB0050D331 /* UIColor+Extension.swift */ = {isa = PBXFileReference; lastKnownFileType = sourcecode.swift; path = "UIColor+Extension.swift"; sourceTree = "<group>"; };
		AE5A99BE2497B7C20050D331 /* SFProRounded-Regular.otf */ = {isa = PBXFileReference; lastKnownFileType = file; path = "SFProRounded-Regular.otf"; sourceTree = "<group>"; };
		AE5A99BF2497B7C20050D331 /* SFProRounded-Semibold.otf */ = {isa = PBXFileReference; lastKnownFileType = file; path = "SFProRounded-Semibold.otf"; sourceTree = "<group>"; };
		AE5A99C02497B7C20050D331 /* SFProText-Regular.otf */ = {isa = PBXFileReference; lastKnownFileType = file; path = "SFProText-Regular.otf"; sourceTree = "<group>"; };
		AE5A99C12497B7C20050D331 /* SFProRounded-Bold.otf */ = {isa = PBXFileReference; lastKnownFileType = file; path = "SFProRounded-Bold.otf"; sourceTree = "<group>"; };
		AE5A99C22497B7C20050D331 /* SFProDisplay-Medium.otf */ = {isa = PBXFileReference; lastKnownFileType = file; path = "SFProDisplay-Medium.otf"; sourceTree = "<group>"; };
		AE5A99C32497B7C30050D331 /* SFProDisplay-Bold.otf */ = {isa = PBXFileReference; lastKnownFileType = file; path = "SFProDisplay-Bold.otf"; sourceTree = "<group>"; };
		AE5A99C42497B7C30050D331 /* SFProText-Semibold.otf */ = {isa = PBXFileReference; lastKnownFileType = file; path = "SFProText-Semibold.otf"; sourceTree = "<group>"; };
		AE5A99CC2497C11A0050D331 /* Device+Constants.swift */ = {isa = PBXFileReference; lastKnownFileType = sourcecode.swift; path = "Device+Constants.swift"; sourceTree = "<group>"; };
		AE7C074324C0F0F000B3CE9A /* Indent.swift */ = {isa = PBXFileReference; lastKnownFileType = sourcecode.swift; path = Indent.swift; sourceTree = "<group>"; };
		AE7E689B24A798AE0076E280 /* LocationCell.swift */ = {isa = PBXFileReference; lastKnownFileType = sourcecode.swift; path = LocationCell.swift; sourceTree = "<group>"; };
		AE7E689D24A7994B0076E280 /* MKPlacemark + Extension.swift */ = {isa = PBXFileReference; lastKnownFileType = sourcecode.swift; path = "MKPlacemark + Extension.swift"; sourceTree = "<group>"; };
		AE7E68A024A87F0B0076E280 /* DetailEntryController.swift */ = {isa = PBXFileReference; lastKnownFileType = sourcecode.swift; path = DetailEntryController.swift; sourceTree = "<group>"; };
		AE7E68A324A880980076E280 /* HeaderDetailView.swift */ = {isa = PBXFileReference; lastKnownFileType = sourcecode.swift; path = HeaderDetailView.swift; sourceTree = "<group>"; };
		AE7E68A524A88DE80076E280 /* DescriptionTableViewCell.swift */ = {isa = PBXFileReference; lastKnownFileType = sourcecode.swift; path = DescriptionTableViewCell.swift; sourceTree = "<group>"; };
		AE7E68A824A891BD0076E280 /* MapLocationCell.swift */ = {isa = PBXFileReference; lastKnownFileType = sourcecode.swift; path = MapLocationCell.swift; sourceTree = "<group>"; };
		AE7E68AA24A8A5350076E280 /* StaticLabelViewCell.swift */ = {isa = PBXFileReference; lastKnownFileType = sourcecode.swift; path = StaticLabelViewCell.swift; sourceTree = "<group>"; };
		AE7E68AC24A8C0A10076E280 /* AddressTableViewCell.swift */ = {isa = PBXFileReference; lastKnownFileType = sourcecode.swift; path = AddressTableViewCell.swift; sourceTree = "<group>"; };
		AE9303A7249CCC66001E4803 /* AddEntryView.swift */ = {isa = PBXFileReference; lastKnownFileType = sourcecode.swift; path = AddEntryView.swift; sourceTree = "<group>"; };
		AE9303AB249CD06A001E4803 /* CalendarController.swift */ = {isa = PBXFileReference; lastKnownFileType = sourcecode.swift; path = CalendarController.swift; sourceTree = "<group>"; };
		AECA405324C340AB00AF6968 /* image1.png */ = {isa = PBXFileReference; lastKnownFileType = image.png; path = image1.png; sourceTree = "<group>"; };
		AECA405524C340B800AF6968 /* image2.png */ = {isa = PBXFileReference; lastKnownFileType = image.png; path = image2.png; sourceTree = "<group>"; };
		AECA405724C340C000AF6968 /* image3.png */ = {isa = PBXFileReference; lastKnownFileType = image.png; path = image3.png; sourceTree = "<group>"; };
		AECA405924C340CE00AF6968 /* image4.png */ = {isa = PBXFileReference; lastKnownFileType = image.png; path = image4.png; sourceTree = "<group>"; };
		AECA405B24C340D700AF6968 /* image5.png */ = {isa = PBXFileReference; lastKnownFileType = image.png; path = image5.png; sourceTree = "<group>"; };
		AEE312E7249A711400804DAB /* MainTabbarController.swift */ = {isa = PBXFileReference; lastKnownFileType = sourcecode.swift; path = MainTabbarController.swift; sourceTree = "<group>"; };
		AEE312EA249A72C800804DAB /* CollectionNotesController.swift */ = {isa = PBXFileReference; lastKnownFileType = sourcecode.swift; path = CollectionNotesController.swift; sourceTree = "<group>"; };
		AEE312EC249A73D600804DAB /* TableNotesViewCell.swift */ = {isa = PBXFileReference; lastKnownFileType = sourcecode.swift; path = TableNotesViewCell.swift; sourceTree = "<group>"; };
		AEE312EE249A7E8800804DAB /* UILabel + Extension.swift */ = {isa = PBXFileReference; lastKnownFileType = sourcecode.swift; path = "UILabel + Extension.swift"; sourceTree = "<group>"; };
		AEE312F0249A7F3900804DAB /* UIFonts + Extension.swift */ = {isa = PBXFileReference; lastKnownFileType = sourcecode.swift; path = "UIFonts + Extension.swift"; sourceTree = "<group>"; };
		AEE312F3249A818500804DAB /* HeaderView.swift */ = {isa = PBXFileReference; lastKnownFileType = sourcecode.swift; path = HeaderView.swift; sourceTree = "<group>"; };
		AEE312F5249A893900804DAB /* EntryModel.swift */ = {isa = PBXFileReference; lastKnownFileType = sourcecode.swift; path = EntryModel.swift; sourceTree = "<group>"; };
		AEE312F7249A8B2800804DAB /* RealmService.swift */ = {isa = PBXFileReference; lastKnownFileType = sourcecode.swift; path = RealmService.swift; sourceTree = "<group>"; };
		AEE312FA249A8C8800804DAB /* CollectionNotesViewCell.swift */ = {isa = PBXFileReference; lastKnownFileType = sourcecode.swift; path = CollectionNotesViewCell.swift; sourceTree = "<group>"; };
		AEE312FF249A923000804DAB /* AddEntryController.swift */ = {isa = PBXFileReference; lastKnownFileType = sourcecode.swift; path = AddEntryController.swift; sourceTree = "<group>"; };
		AEEED9B52497D741002BC43F /* RegistrationController.swift */ = {isa = PBXFileReference; lastKnownFileType = sourcecode.swift; path = RegistrationController.swift; sourceTree = "<group>"; };
		AEEED9B72497D806002BC43F /* RegistrationView.swift */ = {isa = PBXFileReference; lastKnownFileType = sourcecode.swift; path = RegistrationView.swift; sourceTree = "<group>"; };
		C3555A6C4B9DDF4B987B643B /* Pods-MyNotes.debug.xcconfig */ = {isa = PBXFileReference; includeInIndex = 1; lastKnownFileType = text.xcconfig; name = "Pods-MyNotes.debug.xcconfig"; path = "Target Support Files/Pods-MyNotes/Pods-MyNotes.debug.xcconfig"; sourceTree = "<group>"; };
		EEDBB6B8D9B82176FE7729E5 /* Pods_MyNotes.framework */ = {isa = PBXFileReference; explicitFileType = wrapper.framework; includeInIndex = 0; path = Pods_MyNotes.framework; sourceTree = BUILT_PRODUCTS_DIR; };
/* End PBXFileReference section */

/* Begin PBXFrameworksBuildPhase section */
		AE4A32462483DD8E003A355F /* Frameworks */ = {
			isa = PBXFrameworksBuildPhase;
			buildActionMask = 2147483647;
			files = (
				3B95B30DBF40912142246E18 /* Pods_MyNotes.framework in Frameworks */,
			);
			runOnlyForDeploymentPostprocessing = 0;
		};
/* End PBXFrameworksBuildPhase section */

/* Begin PBXGroup section */
		727BCA340BFF45B456BAB5A2 /* Frameworks */ = {
			isa = PBXGroup;
			children = (
				EEDBB6B8D9B82176FE7729E5 /* Pods_MyNotes.framework */,
			);
			name = Frameworks;
			sourceTree = "<group>";
		};
		A9282303F8A5AF56C375F96D /* Pods */ = {
			isa = PBXGroup;
			children = (
				C3555A6C4B9DDF4B987B643B /* Pods-MyNotes.debug.xcconfig */,
				A1632A37C808BC4048EBAD82 /* Pods-MyNotes.release.xcconfig */,
			);
			path = Pods;
			sourceTree = "<group>";
		};
		AE0118A4249935E60080A333 /* TableNotesPage */ = {
			isa = PBXGroup;
			children = (
				AEE312F2249A817300804DAB /* HeaderView */,
				AE0118A5249935F80080A333 /* TableNotesController.swift */,
				AEE312EC249A73D600804DAB /* TableNotesViewCell.swift */,
			);
			path = TableNotesPage;
			sourceTree = "<group>";
		};
		AE4A32402483DD8E003A355F = {
			isa = PBXGroup;
			children = (
				AE4A324B2483DD8E003A355F /* MyNotes */,
				AE4A324A2483DD8E003A355F /* Products */,
				A9282303F8A5AF56C375F96D /* Pods */,
				727BCA340BFF45B456BAB5A2 /* Frameworks */,
			);
			sourceTree = "<group>";
		};
		AE4A324A2483DD8E003A355F /* Products */ = {
			isa = PBXGroup;
			children = (
				AE4A32492483DD8E003A355F /* MyNotes.app */,
			);
			name = Products;
			sourceTree = "<group>";
		};
		AE4A324B2483DD8E003A355F /* MyNotes */ = {
			isa = PBXGroup;
			children = (
				AECA405224C3403400AF6968 /* images */,
				AE4A32682483DE9C003A355F /* Modules */,
				AE5A99BD2497B6B50050D331 /* Common */,
				AE4A32642483DE29003A355F /* Realm Service */,
				AE4A32612483DDD4003A355F /* Launch */,
				AE4A32602483DDBA003A355F /* Config */,
				AE4A32552483DD8F003A355F /* Assets.xcassets */,
				AE4A325A2483DD8F003A355F /* Info.plist */,
			);
			path = MyNotes;
			sourceTree = "<group>";
		};
		AE4A32602483DDBA003A355F /* Config */ = {
			isa = PBXGroup;
			children = (
				AE4A324C2483DD8E003A355F /* AppDelegate.swift */,
				AE4A324E2483DD8E003A355F /* SceneDelegate.swift */,
			);
			path = Config;
			sourceTree = "<group>";
		};
		AE4A32612483DDD4003A355F /* Launch */ = {
			isa = PBXGroup;
			children = (
				AE4A32522483DD8E003A355F /* Main.storyboard */,
				AE4A32572483DD8F003A355F /* LaunchScreen.storyboard */,
			);
			path = Launch;
			sourceTree = "<group>";
		};
		AE4A32622483DE11003A355F /* Extension */ = {
			isa = PBXGroup;
			children = (
				AEE312E4249A6EE700804DAB /* Tabbar+Extension */,
				AE5A99B12497ADF00050D331 /* BaseView.swift */,
				AE5A99B32497AEA80050D331 /* UIContainer + Extension.swift */,
				AE5A99B52497B07B0050D331 /* UITextField + Extension .swift */,
				AE5A99BA2497B4DB0050D331 /* UIColor+Extension.swift */,
				AE5A99CC2497C11A0050D331 /* Device+Constants.swift */,
				AEE312EE249A7E8800804DAB /* UILabel + Extension.swift */,
				AEE312F0249A7F3900804DAB /* UIFonts + Extension.swift */,
				AE4B2CF2249E8AD800DFE04F /* CustomDatePicker+Extension.swift */,
				AE7E689D24A7994B0076E280 /* MKPlacemark + Extension.swift */,
				AE7C074324C0F0F000B3CE9A /* Indent.swift */,
			);
			path = Extension;
			sourceTree = "<group>";
		};
		AE4A32642483DE29003A355F /* Realm Service */ = {
			isa = PBXGroup;
			children = (
				AEE312F7249A8B2800804DAB /* RealmService.swift */,
			);
			path = "Realm Service";
			sourceTree = "<group>";
		};
		AE4A32652483DE7E003A355F /* ViewModel */ = {
			isa = PBXGroup;
			children = (
				AE4B2CF0249E5B6000DFE04F /* AddEntryViewModel.swift */,
				AE4B2CF4249FA63D00DFE04F /* TableNotesViewModel.swift */,
				AE4B2CF924A224CE00DFE04F /* CollectionNotesViewModel.swift */,
			);
			path = ViewModel;
			sourceTree = "<group>";
		};
		AE4A32662483DE92003A355F /* View */ = {
			isa = PBXGroup;
			children = (
				AE7E689F24A87EE20076E280 /* Detail Entry Page */,
				AEE312F9249A8B7200804DAB /* AuthorizationProcces */,
				AEE312FE249A915D00804DAB /* Calendar Controller */,
				AEE312FD249A914D00804DAB /* Add Entry Controller */,
				AEE312E9249A72AD00804DAB /* CollectionNotesPage */,
				AE0118A4249935E60080A333 /* TableNotesPage */,
				AEE312E7249A711400804DAB /* MainTabbarController.swift */,
			);
			path = View;
			sourceTree = "<group>";
		};
		AE4A32672483DE97003A355F /* Model */ = {
			isa = PBXGroup;
			children = (
				AEE312F5249A893900804DAB /* EntryModel.swift */,
			);
			path = Model;
			sourceTree = "<group>";
		};
		AE4A32682483DE9C003A355F /* Modules */ = {
			isa = PBXGroup;
			children = (
				AE4A32672483DE97003A355F /* Model */,
				AE4A32662483DE92003A355F /* View */,
				AE4A32652483DE7E003A355F /* ViewModel */,
			);
			path = Modules;
			sourceTree = "<group>";
		};
		AE4B2CF624A21D4800DFE04F /* Protocols */ = {
			isa = PBXGroup;
			children = (
				AE4B2CF724A21D5E00DFE04F /* TableNotesDelegate.swift */,
			);
			path = Protocols;
			sourceTree = "<group>";
		};
		AE5A99AC2497AD370050D331 /* LoginPage */ = {
			isa = PBXGroup;
			children = (
				AE5A99AD2497AD6C0050D331 /* LoginController.swift */,
				AE5A99AF2497ADB00050D331 /* LoginView.swift */,
			);
			path = LoginPage;
			sourceTree = "<group>";
		};
		AE5A99B72497B4940050D331 /* Constants */ = {
			isa = PBXGroup;
			children = (
				AE5A99B82497B4A70050D331 /* Constants.swift */,
			);
			path = Constants;
			sourceTree = "<group>";
		};
		AE5A99BC2497B6AE0050D331 /* Fonts */ = {
			isa = PBXGroup;
			children = (
				AE5A99C32497B7C30050D331 /* SFProDisplay-Bold.otf */,
				AE5A99C22497B7C20050D331 /* SFProDisplay-Medium.otf */,
				AE5A99C12497B7C20050D331 /* SFProRounded-Bold.otf */,
				AE5A99BE2497B7C20050D331 /* SFProRounded-Regular.otf */,
				AE5A99BF2497B7C20050D331 /* SFProRounded-Semibold.otf */,
				AE5A99C02497B7C20050D331 /* SFProText-Regular.otf */,
				AE5A99C42497B7C30050D331 /* SFProText-Semibold.otf */,
			);
			path = Fonts;
			sourceTree = "<group>";
		};
		AE5A99BD2497B6B50050D331 /* Common */ = {
			isa = PBXGroup;
			children = (
				AE4B2CF624A21D4800DFE04F /* Protocols */,
				AE5A99B72497B4940050D331 /* Constants */,
				AE4A32622483DE11003A355F /* Extension */,
				AE5A99BC2497B6AE0050D331 /* Fonts */,
			);
			path = Common;
			sourceTree = "<group>";
		};
		AE7E689F24A87EE20076E280 /* Detail Entry Page */ = {
			isa = PBXGroup;
			children = (
				AE7E68A224A880820076E280 /* View */,
				AE7E68A024A87F0B0076E280 /* DetailEntryController.swift */,
			);
			path = "Detail Entry Page";
			sourceTree = "<group>";
		};
		AE7E68A224A880820076E280 /* View */ = {
			isa = PBXGroup;
			children = (
				AE7E68A524A88DE80076E280 /* DescriptionTableViewCell.swift */,
				AE7E68A324A880980076E280 /* HeaderDetailView.swift */,
				AE7E68A824A891BD0076E280 /* MapLocationCell.swift */,
				AE7E68AA24A8A5350076E280 /* StaticLabelViewCell.swift */,
				AE7E68AC24A8C0A10076E280 /* AddressTableViewCell.swift */,
			);
			path = View;
			sourceTree = "<group>";
		};
		AECA405224C3403400AF6968 /* images */ = {
			isa = PBXGroup;
			children = (
				AECA405324C340AB00AF6968 /* image1.png */,
				AECA405524C340B800AF6968 /* image2.png */,
				AECA405724C340C000AF6968 /* image3.png */,
				AECA405924C340CE00AF6968 /* image4.png */,
				AECA405B24C340D700AF6968 /* image5.png */,
			);
			path = images;
			sourceTree = "<group>";
		};
		AEE312E4249A6EE700804DAB /* Tabbar+Extension */ = {
			isa = PBXGroup;
			children = (
				AE0814E0249BDC0C00E3DF57 /* CustomTabBar.swift */,
				AE0814E2249BDC6400E3DF57 /* CustomTabbarController.swift */,
				AE0814E4249BDC9700E3DF57 /* CustomTabbarItem.swift */,
				AE0814E6249BDCB500E3DF57 /* CustomTabbarSetting.swift */,
			);
			path = "Tabbar+Extension";
			sourceTree = "<group>";
		};
		AEE312E9249A72AD00804DAB /* CollectionNotesPage */ = {
			isa = PBXGroup;
			children = (
				AEE312EA249A72C800804DAB /* CollectionNotesController.swift */,
				AEE312FA249A8C8800804DAB /* CollectionNotesViewCell.swift */,
			);
			path = CollectionNotesPage;
			sourceTree = "<group>";
		};
		AEE312F2249A817300804DAB /* HeaderView */ = {
			isa = PBXGroup;
			children = (
				AEE312F3249A818500804DAB /* HeaderView.swift */,
			);
			path = HeaderView;
			sourceTree = "<group>";
		};
		AEE312F9249A8B7200804DAB /* AuthorizationProcces */ = {
			isa = PBXGroup;
			children = (
				AE0118A2249926340080A333 /* MainRegistrationController.swift */,
				AE5A99AC2497AD370050D331 /* LoginPage */,
				AEEED9B42497D70E002BC43F /* RegistrationPage */,
			);
			path = AuthorizationProcces;
			sourceTree = "<group>";
		};
		AEE312FD249A914D00804DAB /* Add Entry Controller */ = {
			isa = PBXGroup;
			children = (
				AEE312FF249A923000804DAB /* AddEntryController.swift */,
				AE9303A7249CCC66001E4803 /* AddEntryView.swift */,
				AE7E689B24A798AE0076E280 /* LocationCell.swift */,
			);
			path = "Add Entry Controller";
			sourceTree = "<group>";
		};
		AEE312FE249A915D00804DAB /* Calendar Controller */ = {
			isa = PBXGroup;
			children = (
				AE9303AB249CD06A001E4803 /* CalendarController.swift */,
			);
			path = "Calendar Controller";
			sourceTree = "<group>";
		};
		AEEED9B42497D70E002BC43F /* RegistrationPage */ = {
			isa = PBXGroup;
			children = (
				AEEED9B52497D741002BC43F /* RegistrationController.swift */,
				AEEED9B72497D806002BC43F /* RegistrationView.swift */,
			);
			path = RegistrationPage;
			sourceTree = "<group>";
		};
/* End PBXGroup section */

/* Begin PBXNativeTarget section */
		AE4A32482483DD8E003A355F /* MyNotes */ = {
			isa = PBXNativeTarget;
			buildConfigurationList = AE4A325D2483DD8F003A355F /* Build configuration list for PBXNativeTarget "MyNotes" */;
			buildPhases = (
				429AC6DB4F2CB3B00AFA5202 /* [CP] Check Pods Manifest.lock */,
				AE4A32452483DD8E003A355F /* Sources */,
				AE4A32462483DD8E003A355F /* Frameworks */,
				AE4A32472483DD8E003A355F /* Resources */,
				E2279FB972D6DAD14FFF205C /* [CP] Embed Pods Frameworks */,
			);
			buildRules = (
			);
			dependencies = (
			);
			name = MyNotes;
			productName = MyNotes;
			productReference = AE4A32492483DD8E003A355F /* MyNotes.app */;
			productType = "com.apple.product-type.application";
		};
/* End PBXNativeTarget section */

/* Begin PBXProject section */
		AE4A32412483DD8E003A355F /* Project object */ = {
			isa = PBXProject;
			attributes = {
				LastSwiftUpdateCheck = 1130;
				LastUpgradeCheck = 1130;
				ORGANIZATIONNAME = rau4o;
				TargetAttributes = {
					AE4A32482483DD8E003A355F = {
						CreatedOnToolsVersion = 11.3.1;
					};
				};
			};
			buildConfigurationList = AE4A32442483DD8E003A355F /* Build configuration list for PBXProject "MyNotes" */;
			compatibilityVersion = "Xcode 9.3";
			developmentRegion = en;
			hasScannedForEncodings = 0;
			knownRegions = (
				en,
				Base,
			);
			mainGroup = AE4A32402483DD8E003A355F;
			productRefGroup = AE4A324A2483DD8E003A355F /* Products */;
			projectDirPath = "";
			projectRoot = "";
			targets = (
				AE4A32482483DD8E003A355F /* MyNotes */,
			);
		};
/* End PBXProject section */

/* Begin PBXResourcesBuildPhase section */
		AE4A32472483DD8E003A355F /* Resources */ = {
			isa = PBXResourcesBuildPhase;
			buildActionMask = 2147483647;
			files = (
				AE5A99CA2497B7C30050D331 /* SFProDisplay-Bold.otf in Resources */,
				AE4A32592483DD8F003A355F /* LaunchScreen.storyboard in Resources */,
				AECA405824C340C000AF6968 /* image3.png in Resources */,
				AE5A99C62497B7C30050D331 /* SFProRounded-Semibold.otf in Resources */,
				AECA405A24C340CE00AF6968 /* image4.png in Resources */,
				AE5A99C52497B7C30050D331 /* SFProRounded-Regular.otf in Resources */,
				AE4A32562483DD8F003A355F /* Assets.xcassets in Resources */,
				AECA405424C340AB00AF6968 /* image1.png in Resources */,
				AE5A99C92497B7C30050D331 /* SFProDisplay-Medium.otf in Resources */,
				AE5A99C82497B7C30050D331 /* SFProRounded-Bold.otf in Resources */,
				AECA405624C340B800AF6968 /* image2.png in Resources */,
				AECA405C24C340D700AF6968 /* image5.png in Resources */,
				AE5A99C72497B7C30050D331 /* SFProText-Regular.otf in Resources */,
				AE5A99CB2497B7C30050D331 /* SFProText-Semibold.otf in Resources */,
				AE4A32542483DD8E003A355F /* Main.storyboard in Resources */,
			);
			runOnlyForDeploymentPostprocessing = 0;
		};
/* End PBXResourcesBuildPhase section */

/* Begin PBXShellScriptBuildPhase section */
		429AC6DB4F2CB3B00AFA5202 /* [CP] Check Pods Manifest.lock */ = {
			isa = PBXShellScriptBuildPhase;
			buildActionMask = 2147483647;
			files = (
			);
			inputFileListPaths = (
			);
			inputPaths = (
				"${PODS_PODFILE_DIR_PATH}/Podfile.lock",
				"${PODS_ROOT}/Manifest.lock",
			);
			name = "[CP] Check Pods Manifest.lock";
			outputFileListPaths = (
			);
			outputPaths = (
				"$(DERIVED_FILE_DIR)/Pods-MyNotes-checkManifestLockResult.txt",
			);
			runOnlyForDeploymentPostprocessing = 0;
			shellPath = /bin/sh;
			shellScript = "diff \"${PODS_PODFILE_DIR_PATH}/Podfile.lock\" \"${PODS_ROOT}/Manifest.lock\" > /dev/null\nif [ $? != 0 ] ; then\n    # print error to STDERR\n    echo \"error: The sandbox is not in sync with the Podfile.lock. Run 'pod install' or update your CocoaPods installation.\" >&2\n    exit 1\nfi\n# This output is used by Xcode 'outputs' to avoid re-running this script phase.\necho \"SUCCESS\" > \"${SCRIPT_OUTPUT_FILE_0}\"\n";
			showEnvVarsInLog = 0;
		};
		E2279FB972D6DAD14FFF205C /* [CP] Embed Pods Frameworks */ = {
			isa = PBXShellScriptBuildPhase;
			buildActionMask = 2147483647;
			files = (
			);
			inputFileListPaths = (
				"${PODS_ROOT}/Target Support Files/Pods-MyNotes/Pods-MyNotes-frameworks-${CONFIGURATION}-input-files.xcfilelist",
			);
			name = "[CP] Embed Pods Frameworks";
			outputFileListPaths = (
				"${PODS_ROOT}/Target Support Files/Pods-MyNotes/Pods-MyNotes-frameworks-${CONFIGURATION}-output-files.xcfilelist",
			);
			runOnlyForDeploymentPostprocessing = 0;
			shellPath = /bin/sh;
			shellScript = "\"${PODS_ROOT}/Target Support Files/Pods-MyNotes/Pods-MyNotes-frameworks.sh\"\n";
			showEnvVarsInLog = 0;
		};
/* End PBXShellScriptBuildPhase section */

/* Begin PBXSourcesBuildPhase section */
		AE4A32452483DD8E003A355F /* Sources */ = {
			isa = PBXSourcesBuildPhase;
			buildActionMask = 2147483647;
			files = (
				AE7E68A424A880980076E280 /* HeaderDetailView.swift in Sources */,
				AE5A99B62497B07B0050D331 /* UITextField + Extension .swift in Sources */,
				AEE312FB249A8C8800804DAB /* CollectionNotesViewCell.swift in Sources */,
				AE7E689E24A7994B0076E280 /* MKPlacemark + Extension.swift in Sources */,
				AE4B2CF3249E8AD800DFE04F /* CustomDatePicker+Extension.swift in Sources */,
				AE0118A3249926340080A333 /* MainRegistrationController.swift in Sources */,
				AEE312EF249A7E8800804DAB /* UILabel + Extension.swift in Sources */,
				AE7E68A624A88DE80076E280 /* DescriptionTableViewCell.swift in Sources */,
				AE7C074424C0F0F000B3CE9A /* Indent.swift in Sources */,
				AEE312ED249A73D600804DAB /* TableNotesViewCell.swift in Sources */,
				AEE312EB249A72C800804DAB /* CollectionNotesController.swift in Sources */,
				AE7E68A124A87F0B0076E280 /* DetailEntryController.swift in Sources */,
				AEE312F6249A893900804DAB /* EntryModel.swift in Sources */,
				AE5A99AE2497AD6C0050D331 /* LoginController.swift in Sources */,
				AEEED9B82497D806002BC43F /* RegistrationView.swift in Sources */,
				AE9303AC249CD06A001E4803 /* CalendarController.swift in Sources */,
				AE7E68AB24A8A5350076E280 /* StaticLabelViewCell.swift in Sources */,
				AE0814E7249BDCB500E3DF57 /* CustomTabbarSetting.swift in Sources */,
				AE4A324D2483DD8E003A355F /* AppDelegate.swift in Sources */,
				AE7E689C24A798AE0076E280 /* LocationCell.swift in Sources */,
				AE5A99B22497ADF00050D331 /* BaseView.swift in Sources */,
				AEE312F1249A7F3900804DAB /* UIFonts + Extension.swift in Sources */,
				AE5A99B42497AEA80050D331 /* UIContainer + Extension.swift in Sources */,
				AE5A99B02497ADB00050D331 /* LoginView.swift in Sources */,
				AE0814E3249BDC6400E3DF57 /* CustomTabbarController.swift in Sources */,
				AE4B2CFA24A224CE00DFE04F /* CollectionNotesViewModel.swift in Sources */,
				AE4A324F2483DD8E003A355F /* SceneDelegate.swift in Sources */,
				AE0118A6249935F80080A333 /* TableNotesController.swift in Sources */,
				AE5A99CD2497C11A0050D331 /* Device+Constants.swift in Sources */,
				AE4B2CF824A21D5E00DFE04F /* TableNotesDelegate.swift in Sources */,
				AE4B2CF5249FA63D00DFE04F /* TableNotesViewModel.swift in Sources */,
				AE5A99B92497B4A70050D331 /* Constants.swift in Sources */,
				AEE312E8249A711400804DAB /* MainTabbarController.swift in Sources */,
				AE7E68A924A891BD0076E280 /* MapLocationCell.swift in Sources */,
				AEEED9B62497D741002BC43F /* RegistrationController.swift in Sources */,
				AE5A99BB2497B4DB0050D331 /* UIColor+Extension.swift in Sources */,
				AE0814E1249BDC0C00E3DF57 /* CustomTabBar.swift in Sources */,
				AE4B2CF1249E5B6000DFE04F /* AddEntryViewModel.swift in Sources */,
				AEE312F4249A818500804DAB /* HeaderView.swift in Sources */,
				AE7E68AD24A8C0A10076E280 /* AddressTableViewCell.swift in Sources */,
				AE9303A8249CCC66001E4803 /* AddEntryView.swift in Sources */,
				AE0814E5249BDC9700E3DF57 /* CustomTabbarItem.swift in Sources */,
				AEE312F8249A8B2800804DAB /* RealmService.swift in Sources */,
				AEE31300249A923000804DAB /* AddEntryController.swift in Sources */,
			);
			runOnlyForDeploymentPostprocessing = 0;
		};
/* End PBXSourcesBuildPhase section */

/* Begin PBXVariantGroup section */
		AE4A32522483DD8E003A355F /* Main.storyboard */ = {
			isa = PBXVariantGroup;
			children = (
				AE4A32532483DD8E003A355F /* Base */,
			);
			name = Main.storyboard;
			sourceTree = "<group>";
		};
		AE4A32572483DD8F003A355F /* LaunchScreen.storyboard */ = {
			isa = PBXVariantGroup;
			children = (
				AE4A32582483DD8F003A355F /* Base */,
			);
			name = LaunchScreen.storyboard;
			sourceTree = "<group>";
		};
/* End PBXVariantGroup section */

/* Begin XCBuildConfiguration section */
		AE4A325B2483DD8F003A355F /* Debug */ = {
			isa = XCBuildConfiguration;
			buildSettings = {
				ALWAYS_SEARCH_USER_PATHS = NO;
				CLANG_ANALYZER_NONNULL = YES;
				CLANG_ANALYZER_NUMBER_OBJECT_CONVERSION = YES_AGGRESSIVE;
				CLANG_CXX_LANGUAGE_STANDARD = "gnu++14";
				CLANG_CXX_LIBRARY = "libc++";
				CLANG_ENABLE_MODULES = YES;
				CLANG_ENABLE_OBJC_ARC = YES;
				CLANG_ENABLE_OBJC_WEAK = YES;
				CLANG_WARN_BLOCK_CAPTURE_AUTORELEASING = YES;
				CLANG_WARN_BOOL_CONVERSION = YES;
				CLANG_WARN_COMMA = YES;
				CLANG_WARN_CONSTANT_CONVERSION = YES;
				CLANG_WARN_DEPRECATED_OBJC_IMPLEMENTATIONS = YES;
				CLANG_WARN_DIRECT_OBJC_ISA_USAGE = YES_ERROR;
				CLANG_WARN_DOCUMENTATION_COMMENTS = YES;
				CLANG_WARN_EMPTY_BODY = YES;
				CLANG_WARN_ENUM_CONVERSION = YES;
				CLANG_WARN_INFINITE_RECURSION = YES;
				CLANG_WARN_INT_CONVERSION = YES;
				CLANG_WARN_NON_LITERAL_NULL_CONVERSION = YES;
				CLANG_WARN_OBJC_IMPLICIT_RETAIN_SELF = YES;
				CLANG_WARN_OBJC_LITERAL_CONVERSION = YES;
				CLANG_WARN_OBJC_ROOT_CLASS = YES_ERROR;
				CLANG_WARN_RANGE_LOOP_ANALYSIS = YES;
				CLANG_WARN_STRICT_PROTOTYPES = YES;
				CLANG_WARN_SUSPICIOUS_MOVE = YES;
				CLANG_WARN_UNGUARDED_AVAILABILITY = YES_AGGRESSIVE;
				CLANG_WARN_UNREACHABLE_CODE = YES;
				CLANG_WARN__DUPLICATE_METHOD_MATCH = YES;
				COPY_PHASE_STRIP = NO;
				DEBUG_INFORMATION_FORMAT = dwarf;
				ENABLE_STRICT_OBJC_MSGSEND = YES;
				ENABLE_TESTABILITY = YES;
				GCC_C_LANGUAGE_STANDARD = gnu11;
				GCC_DYNAMIC_NO_PIC = NO;
				GCC_NO_COMMON_BLOCKS = YES;
				GCC_OPTIMIZATION_LEVEL = 0;
				GCC_PREPROCESSOR_DEFINITIONS = (
					"DEBUG=1",
					"$(inherited)",
				);
				GCC_WARN_64_TO_32_BIT_CONVERSION = YES;
				GCC_WARN_ABOUT_RETURN_TYPE = YES_ERROR;
				GCC_WARN_UNDECLARED_SELECTOR = YES;
				GCC_WARN_UNINITIALIZED_AUTOS = YES_AGGRESSIVE;
				GCC_WARN_UNUSED_FUNCTION = YES;
				GCC_WARN_UNUSED_VARIABLE = YES;
				IPHONEOS_DEPLOYMENT_TARGET = 13.2;
				MTL_ENABLE_DEBUG_INFO = INCLUDE_SOURCE;
				MTL_FAST_MATH = YES;
				ONLY_ACTIVE_ARCH = YES;
				SDKROOT = iphoneos;
				SWIFT_ACTIVE_COMPILATION_CONDITIONS = DEBUG;
				SWIFT_OPTIMIZATION_LEVEL = "-Onone";
			};
			name = Debug;
		};
		AE4A325C2483DD8F003A355F /* Release */ = {
			isa = XCBuildConfiguration;
			buildSettings = {
				ALWAYS_SEARCH_USER_PATHS = NO;
				CLANG_ANALYZER_NONNULL = YES;
				CLANG_ANALYZER_NUMBER_OBJECT_CONVERSION = YES_AGGRESSIVE;
				CLANG_CXX_LANGUAGE_STANDARD = "gnu++14";
				CLANG_CXX_LIBRARY = "libc++";
				CLANG_ENABLE_MODULES = YES;
				CLANG_ENABLE_OBJC_ARC = YES;
				CLANG_ENABLE_OBJC_WEAK = YES;
				CLANG_WARN_BLOCK_CAPTURE_AUTORELEASING = YES;
				CLANG_WARN_BOOL_CONVERSION = YES;
				CLANG_WARN_COMMA = YES;
				CLANG_WARN_CONSTANT_CONVERSION = YES;
				CLANG_WARN_DEPRECATED_OBJC_IMPLEMENTATIONS = YES;
				CLANG_WARN_DIRECT_OBJC_ISA_USAGE = YES_ERROR;
				CLANG_WARN_DOCUMENTATION_COMMENTS = YES;
				CLANG_WARN_EMPTY_BODY = YES;
				CLANG_WARN_ENUM_CONVERSION = YES;
				CLANG_WARN_INFINITE_RECURSION = YES;
				CLANG_WARN_INT_CONVERSION = YES;
				CLANG_WARN_NON_LITERAL_NULL_CONVERSION = YES;
				CLANG_WARN_OBJC_IMPLICIT_RETAIN_SELF = YES;
				CLANG_WARN_OBJC_LITERAL_CONVERSION = YES;
				CLANG_WARN_OBJC_ROOT_CLASS = YES_ERROR;
				CLANG_WARN_RANGE_LOOP_ANALYSIS = YES;
				CLANG_WARN_STRICT_PROTOTYPES = YES;
				CLANG_WARN_SUSPICIOUS_MOVE = YES;
				CLANG_WARN_UNGUARDED_AVAILABILITY = YES_AGGRESSIVE;
				CLANG_WARN_UNREACHABLE_CODE = YES;
				CLANG_WARN__DUPLICATE_METHOD_MATCH = YES;
				COPY_PHASE_STRIP = NO;
				DEBUG_INFORMATION_FORMAT = "dwarf-with-dsym";
				ENABLE_NS_ASSERTIONS = NO;
				ENABLE_STRICT_OBJC_MSGSEND = YES;
				GCC_C_LANGUAGE_STANDARD = gnu11;
				GCC_NO_COMMON_BLOCKS = YES;
				GCC_WARN_64_TO_32_BIT_CONVERSION = YES;
				GCC_WARN_ABOUT_RETURN_TYPE = YES_ERROR;
				GCC_WARN_UNDECLARED_SELECTOR = YES;
				GCC_WARN_UNINITIALIZED_AUTOS = YES_AGGRESSIVE;
				GCC_WARN_UNUSED_FUNCTION = YES;
				GCC_WARN_UNUSED_VARIABLE = YES;
				IPHONEOS_DEPLOYMENT_TARGET = 13.2;
				MTL_ENABLE_DEBUG_INFO = NO;
				MTL_FAST_MATH = YES;
				SDKROOT = iphoneos;
				SWIFT_COMPILATION_MODE = wholemodule;
				SWIFT_OPTIMIZATION_LEVEL = "-O";
				VALIDATE_PRODUCT = YES;
			};
			name = Release;
		};
		AE4A325E2483DD8F003A355F /* Debug */ = {
			isa = XCBuildConfiguration;
			baseConfigurationReference = C3555A6C4B9DDF4B987B643B /* Pods-MyNotes.debug.xcconfig */;
			buildSettings = {
				ASSETCATALOG_COMPILER_APPICON_NAME = AppIcon;
				CODE_SIGN_STYLE = Automatic;
				DEVELOPMENT_TEAM = FATE3AU2ZJ;
				INFOPLIST_FILE = MyNotes/Info.plist;
				LD_RUNPATH_SEARCH_PATHS = (
					"$(inherited)",
					"@executable_path/Frameworks",
				);
				PRODUCT_BUNDLE_IDENTIFIER = APS.MyNotes;
				PRODUCT_NAME = "$(TARGET_NAME)";
				SWIFT_VERSION = 5.0;
				TARGETED_DEVICE_FAMILY = "1,2";
			};
			name = Debug;
		};
		AE4A325F2483DD8F003A355F /* Release */ = {
			isa = XCBuildConfiguration;
			baseConfigurationReference = A1632A37C808BC4048EBAD82 /* Pods-MyNotes.release.xcconfig */;
			buildSettings = {
				ASSETCATALOG_COMPILER_APPICON_NAME = AppIcon;
				CODE_SIGN_STYLE = Automatic;
				DEVELOPMENT_TEAM = FATE3AU2ZJ;
				INFOPLIST_FILE = MyNotes/Info.plist;
				LD_RUNPATH_SEARCH_PATHS = (
					"$(inherited)",
					"@executable_path/Frameworks",
				);
				PRODUCT_BUNDLE_IDENTIFIER = APS.MyNotes;
				PRODUCT_NAME = "$(TARGET_NAME)";
				SWIFT_VERSION = 5.0;
				TARGETED_DEVICE_FAMILY = "1,2";
			};
			name = Release;
		};
/* End XCBuildConfiguration section */

/* Begin XCConfigurationList section */
		AE4A32442483DD8E003A355F /* Build configuration list for PBXProject "MyNotes" */ = {
			isa = XCConfigurationList;
			buildConfigurations = (
				AE4A325B2483DD8F003A355F /* Debug */,
				AE4A325C2483DD8F003A355F /* Release */,
			);
			defaultConfigurationIsVisible = 0;
			defaultConfigurationName = Release;
		};
		AE4A325D2483DD8F003A355F /* Build configuration list for PBXNativeTarget "MyNotes" */ = {
			isa = XCConfigurationList;
			buildConfigurations = (
				AE4A325E2483DD8F003A355F /* Debug */,
				AE4A325F2483DD8F003A355F /* Release */,
			);
			defaultConfigurationIsVisible = 0;
			defaultConfigurationName = Release;
		};
/* End XCConfigurationList section */
	};
	rootObject = AE4A32412483DD8E003A355F /* Project object */;
}
